
Microsoft Visual Studio Solution File, Format Version 12.00
# Visual Studio Version 16
VisualStudioVersion = 16.0.34601.136
MinimumVisualStudioVersion = 10.0.40219.1
Project("{FAE04EC0-301F-11D3-BF4B-00C04F79EFBC}") = "IdentixSocketReader", "src\IdentixSocketReader\IdentixSocketReader.csproj", "{8AF0FB5D-B122-4255-AA48-6E97D725BF43}"
EndProject
Project("{2150E333-8FDC-42A3-9474-1A3956D46DE8}") = "Solution Items", "Solution Items", "{0AD50BCB-DCF7-48D5-9E14-A2AADCE04F2F}"
	ProjectSection(SolutionItems) = preProject
		README.md = README.md
	EndProjectSection
EndProject
Global
	GlobalSection(SolutionConfigurationPlatforms) = preSolution
		Debug|Any CPU = Debug|Any CPU
		Release|Any CPU = Release|Any CPU
	EndGlobalSection
	GlobalSection(ProjectConfigurationPlatforms) = postSolution
		{8AF0FB5D-B122-4255-AA48-6E97D725BF43}.Debug|Any CPU.ActiveCfg = Debug|Any CPU
		{8AF0FB5D-B122-4255-AA48-6E97D725BF43}.Debug|Any CPU.Build.0 = Debug|Any CPU
		{8AF0FB5D-B122-4255-AA48-6E97D725BF43}.Release|Any CPU.ActiveCfg = Release|Any CPU
		{8AF0FB5D-B122-4255-AA48-6E97D725BF43}.Release|Any CPU.Build.0 = Release|Any CPU
	EndGlobalSection
	GlobalSection(SolutionProperties) = preSolution
		HideSolutionNode = FALSE
	EndGlobalSection
	GlobalSection(ExtensibilityGlobals) = postSolution
		SolutionGuid = {A278184A-2C60-4FF1-A060-425B1F6409D3}
	EndGlobalSection
EndGlobal
